
Microsoft Visual Studio Solution File, Format Version 12.00
# Visual Studio Version 17
VisualStudioVersion = 17.2.32616.157
MinimumVisualStudioVersion = 10.0.40219.1
Project("{9A19103F-16F7-4668-BE54-9A1E7A4F7556}") = "ClassLibrary", "ClassLibrary\ClassLibrary.csproj", "{BC8238AC-CE0D-46C7-880D-EAA2FCFE72E6}"
EndProject
Global
	GlobalSection(SolutionConfigurationPlatforms) = preSolution
		Debug|Any CPU = Debug|Any CPU
		Release|Any CPU = Release|Any CPU
	EndGlobalSection
	GlobalSection(ProjectConfigurationPlatforms) = postSolution
		{BC8238AC-CE0D-46C7-880D-EAA2FCFE72E6}.Debug|Any CPU.ActiveCfg = Debug|Any CPU
		{BC8238AC-CE0D-46C7-880D-EAA2FCFE72E6}.Debug|Any CPU.Build.0 = Debug|Any CPU
		{BC8238AC-CE0D-46C7-880D-EAA2FCFE72E6}.Release|Any CPU.ActiveCfg = Release|Any CPU
		{BC8238AC-CE0D-46C7-880D-EAA2FCFE72E6}.Release|Any CPU.Build.0 = Release|Any CPU
	EndGlobalSection
	GlobalSection(SolutionProperties) = preSolution
		HideSolutionNode = FALSE
	EndGlobalSection
	GlobalSection(ExtensibilityGlobals) = postSolution
		SolutionGuid = {C6F5750D-2EED-40CA-BDD9-C78E8A5A7654}
	EndGlobalSection
EndGlobal
